Microsoft Visual Studio Solution File, Format Version 12.00
# Visual Studio Version 17
VisualStudioVersion = 17.5.2.0
MinimumVisualStudioVersion = 10.0.40219.1
Project("{FAE04EC0-301F-11D3-BF4B-00C04F79EFBC}") = "AtestareTicket", "AtestareTicket\AtestareTicket.csproj", "{66C2C212-48C9-E35D-0FEF-AA393FF01707}"
EndProject
Global
	GlobalSection(SolutionConfigurationPlatforms) = preSolution
		Debug|Any CPU = Debug|Any CPU
		Release|Any CPU = Release|Any CPU
	EndGlobalSection
	GlobalSection(ProjectConfigurationPlatforms) = postSolution
		{66C2C212-48C9-E35D-0FEF-AA393FF01707}.Debug|Any CPU.ActiveCfg = Debug|Any CPU
		{66C2C212-48C9-E35D-0FEF-AA393FF01707}.Debug|Any CPU.Build.0 = Debug|Any CPU
		{66C2C212-48C9-E35D-0FEF-AA393FF01707}.Release|Any CPU.ActiveCfg = Release|Any CPU
		{66C2C212-48C9-E35D-0FEF-AA393FF01707}.Release|Any CPU.Build.0 = Release|Any CPU
	EndGlobalSection
	GlobalSection(SolutionProperties) = preSolution
		HideSolutionNode = FALSE
	EndGlobalSection
	GlobalSection(ExtensibilityGlobals) = postSolution
		SolutionGuid = {D82C9316-63D4-4A25-87FF-2F11CF67F3D3}
	EndGlobalSection
EndGlobal
